
Microsoft Visual Studio Solution File, Format Version 12.00
# Visual Studio 15
VisualStudioVersion = 15.0.28307.136
MinimumVisualStudioVersion = 10.0.40219.1
Project("{2150E333-8FDC-42A3-9474-1A3956D46DE8}") = "Standard", "Standard", "{4EFF24A2-9EA0-41BD-BBCA-B97FE319CAA2}"
EndProject
Project("{FAE04EC0-301F-11D3-BF4B-00C04F79EFBC}") = "Tools", "Tools\Tools.csproj", "{C9AB32E7-57D5-450E-89D2-03BFC5B07B00}"
EndProject
Global
	GlobalSection(SolutionConfigurationPlatforms) = preSolution
		Debug|Any CPU = Debug|Any CPU
		Release|Any CPU = Release|Any CPU
	EndGlobalSection
	GlobalSection(ProjectConfigurationPlatforms) = postSolution
		{C9AB32E7-57D5-450E-89D2-03BFC5B07B00}.Debug|Any CPU.ActiveCfg = Debug|Any CPU
		{C9AB32E7-57D5-450E-89D2-03BFC5B07B00}.Debug|Any CPU.Build.0 = Debug|Any CPU
		{C9AB32E7-57D5-450E-89D2-03BFC5B07B00}.Release|Any CPU.ActiveCfg = Release|Any CPU
		{C9AB32E7-57D5-450E-89D2-03BFC5B07B00}.Release|Any CPU.Build.0 = Release|Any CPU
	EndGlobalSection
	GlobalSection(SolutionProperties) = preSolution
		HideSolutionNode = FALSE
	EndGlobalSection
	GlobalSection(NestedProjects) = preSolution
		{C9AB32E7-57D5-450E-89D2-03BFC5B07B00} = {4EFF24A2-9EA0-41BD-BBCA-B97FE319CAA2}
	EndGlobalSection
	GlobalSection(ExtensibilityGlobals) = postSolution
		SolutionGuid = {BC1FADA8-CC26-42CB-93B8-57BFED2060E3}
	EndGlobalSection
EndGlobal
